
Microsoft Visual Studio Solution File, Format Version 12.00
# Visual Studio Version 17
VisualStudioVersion = 17.3.32922.545
MinimumVisualStudioVersion = 10.0.40219.1
Project("{FAE04EC0-301F-11D3-BF4B-00C04F79EFBC}") = "AVL", "AVL\AVL.csproj", "{2EF55975-37D0-4F02-98B3-408F460F45FA}"
EndProject
Global
	GlobalSection(SolutionConfigurationPlatforms) = preSolution
		Debug|Any CPU = Debug|Any CPU
		Release|Any CPU = Release|Any CPU
	EndGlobalSection
	GlobalSection(ProjectConfigurationPlatforms) = postSolution
		{2EF55975-37D0-4F02-98B3-408F460F45FA}.Debug|Any CPU.ActiveCfg = Debug|Any CPU
		{2EF55975-37D0-4F02-98B3-408F460F45FA}.Debug|Any CPU.Build.0 = Debug|Any CPU
		{2EF55975-37D0-4F02-98B3-408F460F45FA}.Release|Any CPU.ActiveCfg = Release|Any CPU
		{2EF55975-37D0-4F02-98B3-408F460F45FA}.Release|Any CPU.Build.0 = Release|Any CPU
	EndGlobalSection
	GlobalSection(SolutionProperties) = preSolution
		HideSolutionNode = FALSE
	EndGlobalSection
	GlobalSection(ExtensibilityGlobals) = postSolution
		SolutionGuid = {344F637A-C558-4DAE-8412-99C1F3D4B06C}
	EndGlobalSection
EndGlobal
